
Microsoft Visual Studio Solution File, Format Version 11.00
# Visual Basic Express 2010
Project("{F184B08F-C81C-45F6-A57F-5ABD9991F28F}") = "AddTwoNumbers", "WindowsApplication1\AddTwoNumbers.vbproj", "{D7C17A1A-038D-4EF2-B436-B0725119DCBF}"
EndProject
Global
	GlobalSection(SolutionConfigurationPlatforms) = preSolution
		Debug|x86 = Debug|x86
		Release|x86 = Release|x86
	EndGlobalSection
	GlobalSection(ProjectConfigurationPlatforms) = postSolution
		{D7C17A1A-038D-4EF2-B436-B0725119DCBF}.Debug|x86.ActiveCfg = Debug|x86
		{D7C17A1A-038D-4EF2-B436-B0725119DCBF}.Debug|x86.Build.0 = Debug|x86
		{D7C17A1A-038D-4EF2-B436-B0725119DCBF}.Release|x86.ActiveCfg = Release|x86
		{D7C17A1A-038D-4EF2-B436-B0725119DCBF}.Release|x86.Build.0 = Release|x86
	EndGlobalSection
	GlobalSection(SolutionProperties) = preSolution
		HideSolutionNode = FALSE
	EndGlobalSection
EndGlobal
